# This file is automatically @generated by Cargo.
# It is not intended for manual editing.
version = 3

[[package]]
name = "common"
version = "0.1.0"

[[package]]
name = "main-app"
version = "0.1.0"

[[package]]
name = "main-boot"
version = "0.1.0"

[[package]]
name = "monitor-app"
version = "0.1.0"

[[package]]
name = "monitor-boot"
version = "0.1.0"
